
Microsoft Visual Studio Solution File, Format Version 12.00
# Visual Studio Version 17
VisualStudioVersion = 17.7.34302.85
MinimumVisualStudioVersion = 10.0.40219.1
Project("{FAE04EC0-301F-11D3-BF4B-00C04F79EFBC}") = "Film_Arsivim", "Film_Arsivim.csproj", "{C7712FE9-2C04-45C0-9481-1263062D602A}"
EndProject
Global
	GlobalSection(SolutionConfigurationPlatforms) = preSolution
		Debug|Any CPU = Debug|Any CPU
		Release|Any CPU = Release|Any CPU
	EndGlobalSection
	GlobalSection(ProjectConfigurationPlatforms) = postSolution
		{C7712FE9-2C04-45C0-9481-1263062D602A}.Debug|Any CPU.ActiveCfg = Debug|Any CPU
		{C7712FE9-2C04-45C0-9481-1263062D602A}.Debug|Any CPU.Build.0 = Debug|Any CPU
		{C7712FE9-2C04-45C0-9481-1263062D602A}.Release|Any CPU.ActiveCfg = Release|Any CPU
		{C7712FE9-2C04-45C0-9481-1263062D602A}.Release|Any CPU.Build.0 = Release|Any CPU
	EndGlobalSection
	GlobalSection(SolutionProperties) = preSolution
		HideSolutionNode = FALSE
	EndGlobalSection
	GlobalSection(ExtensibilityGlobals) = postSolution
		SolutionGuid = {2FE5D74A-2EEF-4E72-97CD-2ECA249E6AB4}
	EndGlobalSection
EndGlobal
